
Microsoft Visual Studio Solution File, Format Version 12.00
# Visual Studio Version 17
VisualStudioVersion = 17.8.34511.84
MinimumVisualStudioVersion = 10.0.40219.1
Project("{9A19103F-16F7-4668-BE54-9A1E7A4F7556}") = "Web", "Web\Web.csproj", "{0552B451-D97D-4E4E-87EB-F4F2457C97BC}"
EndProject
Project("{9A19103F-16F7-4668-BE54-9A1E7A4F7556}") = "Api", "Api\Api.csproj", "{5C4A4158-FFE8-4C7A-ACA9-6EEEA11EE83E}"
EndProject
Project("{9A19103F-16F7-4668-BE54-9A1E7A4F7556}") = "Application", "Application\Application.csproj", "{D8392CCD-8611-401C-86AD-ED4F14531B3B}"
EndProject
Project("{9A19103F-16F7-4668-BE54-9A1E7A4F7556}") = "Domain", "Domain\Domain.csproj", "{8090B462-EC9E-411D-837A-1F86465F3A67}"
EndProject
Project("{9A19103F-16F7-4668-BE54-9A1E7A4F7556}") = "Persistence", "Persistence\Persistence.csproj", "{84369DF9-C0DB-4330-AF0A-AD1A1E96F938}"
EndProject
Project("{9A19103F-16F7-4668-BE54-9A1E7A4F7556}") = "Shared", "Shared\Shared.csproj", "{A29E2868-E892-4BB1-8C53-AACB979A3F26}"
EndProject
Project("{9A19103F-16F7-4668-BE54-9A1E7A4F7556}") = "Infrastructure", "Infrastructure\Infrastructure.csproj", "{C725D67A-E1AA-479A-8E9B-150D7274390E}"
EndProject
Global
	GlobalSection(SolutionConfigurationPlatforms) = preSolution
		Debug|Any CPU = Debug|Any CPU
		Release|Any CPU = Release|Any CPU
	EndGlobalSection
	GlobalSection(ProjectConfigurationPlatforms) = postSolution
		{0552B451-D97D-4E4E-87EB-F4F2457C97BC}.Debug|Any CPU.ActiveCfg = Debug|Any CPU
		{0552B451-D97D-4E4E-87EB-F4F2457C97BC}.Debug|Any CPU.Build.0 = Debug|Any CPU
		{0552B451-D97D-4E4E-87EB-F4F2457C97BC}.Release|Any CPU.ActiveCfg = Release|Any CPU
		{0552B451-D97D-4E4E-87EB-F4F2457C97BC}.Release|Any CPU.Build.0 = Release|Any CPU
		{5C4A4158-FFE8-4C7A-ACA9-6EEEA11EE83E}.Debug|Any CPU.ActiveCfg = Debug|Any CPU
		{5C4A4158-FFE8-4C7A-ACA9-6EEEA11EE83E}.Debug|Any CPU.Build.0 = Debug|Any CPU
		{5C4A4158-FFE8-4C7A-ACA9-6EEEA11EE83E}.Release|Any CPU.ActiveCfg = Release|Any CPU
		{5C4A4158-FFE8-4C7A-ACA9-6EEEA11EE83E}.Release|Any CPU.Build.0 = Release|Any CPU
		{D8392CCD-8611-401C-86AD-ED4F14531B3B}.Debug|Any CPU.ActiveCfg = Debug|Any CPU
		{D8392CCD-8611-401C-86AD-ED4F14531B3B}.Debug|Any CPU.Build.0 = Debug|Any CPU
		{D8392CCD-8611-401C-86AD-ED4F14531B3B}.Release|Any CPU.ActiveCfg = Release|Any CPU
		{D8392CCD-8611-401C-86AD-ED4F14531B3B}.Release|Any CPU.Build.0 = Release|Any CPU
		{8090B462-EC9E-411D-837A-1F86465F3A67}.Debug|Any CPU.ActiveCfg = Debug|Any CPU
		{8090B462-EC9E-411D-837A-1F86465F3A67}.Debug|Any CPU.Build.0 = Debug|Any CPU
		{8090B462-EC9E-411D-837A-1F86465F3A67}.Release|Any CPU.ActiveCfg = Release|Any CPU
		{8090B462-EC9E-411D-837A-1F86465F3A67}.Release|Any CPU.Build.0 = Release|Any CPU
		{84369DF9-C0DB-4330-AF0A-AD1A1E96F938}.Debug|Any CPU.ActiveCfg = Debug|Any CPU
		{84369DF9-C0DB-4330-AF0A-AD1A1E96F938}.Debug|Any CPU.Build.0 = Debug|Any CPU
		{84369DF9-C0DB-4330-AF0A-AD1A1E96F938}.Release|Any CPU.ActiveCfg = Release|Any CPU
		{84369DF9-C0DB-4330-AF0A-AD1A1E96F938}.Release|Any CPU.Build.0 = Release|Any CPU
		{A29E2868-E892-4BB1-8C53-AACB979A3F26}.Debug|Any CPU.ActiveCfg = Debug|Any CPU
		{A29E2868-E892-4BB1-8C53-AACB979A3F26}.Debug|Any CPU.Build.0 = Debug|Any CPU
		{A29E2868-E892-4BB1-8C53-AACB979A3F26}.Release|Any CPU.ActiveCfg = Release|Any CPU
		{A29E2868-E892-4BB1-8C53-AACB979A3F26}.Release|Any CPU.Build.0 = Release|Any CPU
		{C725D67A-E1AA-479A-8E9B-150D7274390E}.Debug|Any CPU.ActiveCfg = Debug|Any CPU
		{C725D67A-E1AA-479A-8E9B-150D7274390E}.Debug|Any CPU.Build.0 = Debug|Any CPU
		{C725D67A-E1AA-479A-8E9B-150D7274390E}.Release|Any CPU.ActiveCfg = Release|Any CPU
		{C725D67A-E1AA-479A-8E9B-150D7274390E}.Release|Any CPU.Build.0 = Release|Any CPU
	EndGlobalSection
	GlobalSection(SolutionProperties) = preSolution
		HideSolutionNode = FALSE
	EndGlobalSection
	GlobalSection(ExtensibilityGlobals) = postSolution
		SolutionGuid = {950F9572-4495-4D78-A4A7-588623ED69F8}
	EndGlobalSection
EndGlobal
